{
	"name": "moduleb",
	"version": "1.0.0",
	"lockfileVersion": 1,
	"requires": true,
	"dependencies": {
		"lodash": {
			"version": "4.17.21",
			"resolved": "http://nexus.gsafety.com/repository/npm-group/lodash/-/lodash-4.17.21.tgz",
			"integrity": "sha1-Z5WRxWTDv/quhFTPCz3zcMPWkRw="
		},
		"underscore": {
			"version": "1.13.1",
			"resolved": "http://nexus.gsafety.com/repository/npm-group/underscore/-/underscore-1.13.1.tgz",
			"integrity": "sha1-DBxr0t9UtrafIxQGbWW2zeb8+dE="
		},
		"zepto": {
			"version": "1.2.0",
			"resolved": "http://nexus.gsafety.com/repository/npm-group/zepto/-/zepto-1.2.0.tgz",
			"integrity": "sha1-4Se9nmb9hGvl6rSME5SIL3wOT5g="
		}
	}
}
